github.com/TwiN/go-color v1.1.0 h1:yhLAHgjp2iAxmNjDiVb6Z073NE65yoaPlcki1Q22yyQ=
github.com/TwiN/go-color v1.1.0/go.mod h1:aKVf4e1mD4ai2FtPifkDPP5iyoCwiK08YGzGwerjKo0=
github.com/spoonboy-io/koan v0.1.0 h1:TMxuDoAMwlVS3no8mjxixUgUUroO4Wvtf0lFcsc7e4g=
github.com/spoonboy-io/koan v0.1.0/go.mod h1:QrBU2nmL9EEPfQykbLrjZs+M7PHRvgefUJpd4lUCWXo=
github.com/spoonboy-io/reprise v0.0.1 h1:cwl0ejT0GTe1Cqk8lx27Imn3O940D3ztwygFHxknDhc=
github.com/spoonboy-io/reprise v0.0.1/go.mod h1:t4PgU58+cSx4MyA4Ra8nPUIovQq+vZCCn4MUt47B0fw=
